{
  "name": "export-monorepo",
  "lockfileVersion": 3,
  "requires": true,
  "packages": {
    "": {
      "name": "export-monorepo",
      "license": "MIT",
      "workspaces": [
        "packages/*"
      ],
      "devDependencies": {
        "devalue": "^5.1.1",
        "ws": "^8.18.0"
      }
    },
    "node_modules/@clack/core": {
      "version": "0.3.5",
      "resolved": "https://registry.npmjs.org/@clack/core/-/core-0.3.5.tgz",
      "integrity": "sha512-5cfhQNH+1VQ2xLQlmzXMqUoiaH0lRBq9/CLW9lTyMbuKLC3+xEK01tHVvyut++mLOn5urSHmkm6I0Lg9MaJSTQ==",
      "license": "MIT",
      "dependencies": {
        "picocolors": "^1.0.0",
        "sisteransi": "^1.0.5"
      }
    },
    "node_modules/@clack/prompts": {
      "version": "0.8.2",
      "resolved": "https://registry.npmjs.org/@clack/prompts/-/prompts-0.8.2.tgz",
      "integrity": "sha512-6b9Ab2UiZwJYA9iMyboYyW9yJvAO9V753ZhS+DHKEjZRKAxPPOb7MXXu84lsPFG+vZt6FRFniZ8rXi+zCIw4yQ==",
      "license": "MIT",
      "dependencies": {
        "@clack/core": "0.3.5",
        "picocolors": "^1.0.0",
        "sisteransi": "^1.0.5"
      }
    },
    "node_modules/@emnapi/core": {
      "version": "1.9.1",
      "resolved": "https://registry.npmjs.org/@emnapi/core/-/core-1.9.1.tgz",
      "integrity": "sha512-mukuNALVsoix/w1BJwFzwXBN/dHeejQtuVzcDsfOEsdpCumXb/E9j8w11h5S54tT1xhifGfbbSm/ICrObRb3KA==",
      "license": "MIT",
      "optional": true,
      "dependencies": {
        "@emnapi/wasi-threads": "1.2.0",
        "tslib": "^2.4.0"
      }
    },
    "node_modules/@emnapi/runtime": {
      "version": "1.9.1",
      "resolved": "https://registry.npmjs.org/@emnapi/runtime/-/runtime-1.9.1.tgz",
      "integrity": "sha512-VYi5+ZVLhpgK4hQ0TAjiQiZ6ol0oe4mBx7mVv7IflsiEp0OWoVsp/+f9Vc1hOhE0TtkORVrI1GvzyreqpgWtkA==",
      "license": "MIT",
      "optional": true,
      "dependencies": {
        "tslib": "^2.4.0"
      }
    },
    "node_modules/@emnapi/wasi-threads": {
      "version": "1.2.0",
      "resolved": "https://registry.npmjs.org/@emnapi/wasi-threads/-/wasi-threads-1.2.0.tgz",
      "integrity": "sha512-N10dEJNSsUx41Z6pZsXU8FjPjpBEplgH24sfkmITrBED1/U2Esum9F3lfLrMjKHHjmi557zQn7kR9R+XWXu5Rg==",
      "license": "MIT",
      "optional": true,
      "dependencies": {
        "tslib": "^2.4.0"
      }
    },
    "node_modules/@napi-rs/wasm-runtime": {
      "version": "1.1.1",
      "resolved": "https://registry.npmjs.org/@napi-rs/wasm-runtime/-/wasm-runtime-1.1.1.tgz",
      "integrity": "sha512-p64ah1M1ld8xjWv3qbvFwHiFVWrq1yFvV4f7w+mzaqiR4IlSgkqhcRdHwsGgomwzBH51sRY4NEowLxnaBjcW/A==",
      "license": "MIT",
      "optional": true,
      "dependencies": {
        "@emnapi/core": "^1.7.1",
        "@emnapi/runtime": "^1.7.1",
        "@tybys/wasm-util": "^0.10.1"
      },
      "funding": {
        "type": "github",
        "url": "https://github.com/sponsors/Brooooooklyn"
      }
    },
    "node_modules/@oxc-minify/binding-android-arm-eabi": {
      "version": "0.121.0",
      "resolved": "https://registry.npmjs.org/@oxc-minify/binding-android-arm-eabi/-/binding-android-arm-eabi-0.121.0.tgz",
      "integrity": "sha512-RcQXLj3JLLVm41n80/6+7OUion2PSQWOH5EUvlD9kCWSF1fWLXCNX1A6t/+nFNjeyaCXZ3YbIWwCTiGXhxxHEw==",
      "cpu": [
        "arm"
      ],
      "license": "MIT",
      "optional": true,
      "os": [
        "android"
      ],
      "engines": {
        "node": "^20.19.0 || >=22.12.0"
      }
    },
    "node_modules/@oxc-minify/binding-android-arm64": {
      "version": "0.121.0",
      "resolved": "https://registry.npmjs.org/@oxc-minify/binding-android-arm64/-/binding-android-arm64-0.121.0.tgz",
      "integrity": "sha512-VnFvB9DgADWpgwQb6LmeRv302xwdgpD/45WlQNWI380YUgWVXmhoZoNOgnaCSbuFEz+ElQDb/iE2U2LADkfu8w==",
      "cpu": [
        "arm64"
      ],
      "license": "MIT",
      "optional": true,
      "os": [
        "android"
      ],
      "engines": {
        "node": "^20.19.0 || >=22.12.0"
      }
    },
    "node_modules/@oxc-minify/binding-darwin-arm64": {
      "version": "0.121.0",
      "resolved": "https://registry.npmjs.org/@oxc-minify/binding-darwin-arm64/-/binding-darwin-arm64-0.121.0.tgz",
      "integrity": "sha512-0EKcroW5oMgJ27DOUWD724nQmLhV1PLArkXW5F4t7cUoRZy81OlFMqS97AOWIrQPlNPaC/1MYfCtIoZIW8OElQ==",
      "cpu": [
        "arm64"
      ],
      "license": "MIT",
      "optional": true,
      "os": [
        "darwin"
      ],
      "engines": {
        "node": "^20.19.0 || >=22.12.0"
      }
    },
    "node_modules/@oxc-minify/binding-darwin-x64": {
      "version": "0.121.0",
      "resolved": "https://registry.npmjs.org/@oxc-minify/binding-darwin-x64/-/binding-darwin-x64-0.121.0.tgz",
      "integrity": "sha512-DvsiLCZQ7KvufItkGuU45ovM4paB99M3/J5ZqpzjSnHpyFmcWUx19gwG9RTDOmHHA+7TPCq3b02aQoCiX6xiaA==",
      "cpu": [
        "x64"
      ],
      "license": "MIT",
      "optional": true,
      "os": [
        "darwin"
      ],
      "engines": {
        "node": "^20.19.0 || >=22.12.0"
      }
    },
    "node_modules/@oxc-minify/binding-freebsd-x64": {
      "version": "0.121.0",
      "resolved": "https://registry.npmjs.org/@oxc-minify/binding-freebsd-x64/-/binding-freebsd-x64-0.121.0.tgz",
      "integrity": "sha512-b+ngbloTvuei3HxfOz6nCwWkIl8dhgp42W1TREBUVRRe80iKe4bclrpZHxacFQYmVZ/bDjIV7ePPRSCSKM93RA==",
      "cpu": [
        "x64"
      ],
      "license": "MIT",
      "optional": true,
      "os": [
        "freebsd"
      ],
      "engines": {
        "node": "^20.19.0 || >=22.12.0"
      }
    },
    "node_modules/@oxc-minify/binding-linux-arm-gnueabihf": {
      "version": "0.121.0",
      "resolved": "https://registry.npmjs.org/@oxc-minify/binding-linux-arm-gnueabihf/-/binding-linux-arm-gnueabihf-0.121.0.tgz",
      "integrity": "sha512-Vj1xJ46zDTJlnF4UQgAVqX4xb2uv6hpmtHkypCMiaNbuop7bJ+VbqSfs7SCKvg23fygK530XTUxr+A7YDbkEzQ==",
      "cpu": [
        "arm"
      ],
      "license": "MIT",
      "optional": true,
      "os": [
        "linux"
      ],
      "engines": {
        "node": "^20.19.0 || >=22.12.0"
      }
    },
    "node_modules/@oxc-minify/binding-linux-arm-musleabihf": {
      "version": "0.121.0",
      "resolved": "https://registry.npmjs.org/@oxc-minify/binding-linux-arm-musleabihf/-/binding-linux-arm-musleabihf-0.121.0.tgz",
      "integrity": "sha512-lVhZ/y6Piqi+TlM+VB3UdRWWtqm7ks2He5VrYmZfO0a8A/wBE7KTpIK+RoUFGW3ii3wr4Hc8AEWZNEjU4fs38Q==",
      "cpu": [
        "arm"
      ],
      "license": "MIT",
      "optional": true,
      "os": [
        "linux"
      ],
      "engines": {
        "node": "^20.19.0 || >=22.12.0"
      }
    },
    "node_modules/@oxc-minify/binding-linux-arm64-gnu": {
      "version": "0.121.0",
      "resolved": "https://registry.npmjs.org/@oxc-minify/binding-linux-arm64-gnu/-/binding-linux-arm64-gnu-0.121.0.tgz",
      "integrity": "sha512-FMEtjwWKVRehcs4ebsmM8nj7F7/kVH54dcFZodNFsk1iUsVdqPrOWhzanMcU55AYrGmXHeKFx7PlrimDOz2ZdA==",
      "cpu": [
        "arm64"
      ],
      "license": "MIT",
      "optional": true,
      "os": [
        "linux"
      ],
      "engines": {
        "node": "^20.19.0 || >=22.12.0"
      }
    },
    "node_modules/@oxc-minify/binding-linux-arm64-musl": {
      "version": "0.121.0",
      "resolved": "https://registry.npmjs.org/@oxc-minify/binding-linux-arm64-musl/-/binding-linux-arm64-musl-0.121.0.tgz",
      "integrity": "sha512-ZFCqQWU7TP4oCiu9q0q9xg1wg78Et4bRSCv9LzMAn/N9zJezPa+u3kVqKXkQnvAgrA7fBo9VPSaEx0XMpXsPhA==",
      "cpu": [
        "arm64"
      ],
      "license": "MIT",
      "optional": true,
      "os": [
        "linux"
      ],
      "engines": {
        "node": "^20.19.0 || >=22.12.0"
      }
    },
    "node_modules/@oxc-minify/binding-linux-ppc64-gnu": {
      "version": "0.121.0",
      "resolved": "https://registry.npmjs.org/@oxc-minify/binding-linux-ppc64-gnu/-/binding-linux-ppc64-gnu-0.121.0.tgz",
      "integrity": "sha512-WSV2TNT7a6wfwfWHHvpaOoHVKwB0tKyJpMjj3P401k8tFEZpH/xNqDNofdvXQznKqJ3nyYxIC4llvNGCXUtTzQ==",
      "cpu": [
        "ppc64"
      ],
      "license": "MIT",
      "optional": true,
      "os": [
        "linux"
      ],
      "engines": {
        "node": "^20.19.0 || >=22.12.0"
      }
    },
    "node_modules/@oxc-minify/binding-linux-riscv64-gnu": {
      "version": "0.121.0",
      "resolved": "https://registry.npmjs.org/@oxc-minify/binding-linux-riscv64-gnu/-/binding-linux-riscv64-gnu-0.121.0.tgz",
      "integrity": "sha512-hTToDA4mEd4P4HdwnmULtyyWP6CsNwuxdiToGZ5LjQvznpF5acRi9KEAqF8zmNXQ9r1RbrbGbYHATfRWogEbfw==",
      "cpu": [
        "riscv64"
      ],
      "license": "MIT",
      "optional": true,
      "os": [
        "linux"
      ],
      "engines": {
        "node": "^20.19.0 || >=22.12.0"
      }
    },
    "node_modules/@oxc-minify/binding-linux-riscv64-musl": {
      "version": "0.121.0",
      "resolved": "https://registry.npmjs.org/@oxc-minify/binding-linux-riscv64-musl/-/binding-linux-riscv64-musl-0.121.0.tgz",
      "integrity": "sha512-zhgxjY8IkVZ2MpuElCiK37DjEwX2uk9r7fawRh0J4yjkYWVQR5kmmMEo5oMPbBMtri61vnSiqLZmD25cTFP1vw==",
      "cpu": [
        "riscv64"
      ],
      "license": "MIT",
      "optional": true,
      "os": [
        "linux"
      ],
      "engines": {
        "node": "^20.19.0 || >=22.12.0"
      }
    },
    "node_modules/@oxc-minify/binding-linux-s390x-gnu": {
      "version": "0.121.0",
      "resolved": "https://registry.npmjs.org/@oxc-minify/binding-linux-s390x-gnu/-/binding-linux-s390x-gnu-0.121.0.tgz",
      "integrity": "sha512-YruvsabXqUdhtfe9Qjv2F1tb0u1PqqNBnf0jFhC8K4qJLctgveH/2rBYE8WAqdahxfdR59ByFZd0u6dqwDCKPg==",
      "cpu": [
        "s390x"
      ],
      "license": "MIT",
      "optional": true,
      "os": [
        "linux"
      ],
      "engines": {
        "node": "^20.19.0 || >=22.12.0"
      }
    },
    "node_modules/@oxc-minify/binding-linux-x64-gnu": {
      "version": "0.121.0",
      "resolved": "https://registry.npmjs.org/@oxc-minify/binding-linux-x64-gnu/-/binding-linux-x64-gnu-0.121.0.tgz",
      "integrity": "sha512-OOUpoGKeGN6D9bP9dr2lczK3SgOFeMLFiJuldPxOcY21VAxlemEiTPFTPXp4VWzw65sy3bCx0k8R6wyE8TA3EQ==",
      "cpu": [
        "x64"
      ],
      "license": "MIT",
      "optional": true,
      "os": [
        "linux"
      ],
      "engines": {
        "node": "^20.19.0 || >=22.12.0"
      }
    },
    "node_modules/@oxc-minify/binding-linux-x64-musl": {
      "version": "0.121.0",
      "resolved": "https://registry.npmjs.org/@oxc-minify/binding-linux-x64-musl/-/binding-linux-x64-musl-0.121.0.tgz",
      "integrity": "sha512-ixdrFcKUdRXsavlAe+ttKQHtR6nUyXSrCjLTkB4eiy8U/5f5A1BQXAKDdw9rUNoPkLc4vrKohG8frI0pjg7S6g==",
      "cpu": [
        "x64"
      ],
      "license": "MIT",
      "optional": true,
      "os": [
        "linux"
      ],
      "engines": {
        "node": "^20.19.0 || >=22.12.0"
      }
    },
    "node_modules/@oxc-minify/binding-openharmony-arm64": {
      "version": "0.121.0",
      "resolved": "https://registry.npmjs.org/@oxc-minify/binding-openharmony-arm64/-/binding-openharmony-arm64-0.121.0.tgz",
      "integrity": "sha512-P52luYhm78qAPjACwHEMWJQag4hgX3InczjXazLqSWJPf5ismBWDmrSiccVWi2B6nPGSuYd4YQVR3j0h2IELyA==",
      "cpu": [
        "arm64"
      ],
      "license": "MIT",
      "optional": true,
      "os": [
        "openharmony"
      ],
      "engines": {
        "node": "^20.19.0 || >=22.12.0"
      }
    },
    "node_modules/@oxc-minify/binding-wasm32-wasi": {
      "version": "0.121.0",
      "resolved": "https://registry.npmjs.org/@oxc-minify/binding-wasm32-wasi/-/binding-wasm32-wasi-0.121.0.tgz",
      "integrity": "sha512-1XDHPrAJa6W8dGqaDnlt+0k5In5JzGE0EOI87cJnOkSGsUAb1Sk8mKNhUe3/PuGiBDDat8eZ0wlq/VcUeOmsoA==",
      "cpu": [
        "wasm32"
      ],
      "license": "MIT",
      "optional": true,
      "dependencies": {
        "@napi-rs/wasm-runtime": "^1.1.1"
      },
      "engines": {
        "node": ">=14.0.0"
      }
    },
    "node_modules/@oxc-minify/binding-win32-arm64-msvc": {
      "version": "0.121.0",
      "resolved": "https://registry.npmjs.org/@oxc-minify/binding-win32-arm64-msvc/-/binding-win32-arm64-msvc-0.121.0.tgz",
      "integrity": "sha512-FvUEX7eTfSh1OBB+/AGSWhkNX/8jPFGM2jvMwrrAZ5vj8kTtnETNTkJdkkPMUEiIEVupxoARKc5UFU2/k+3THw==",
      "cpu": [
        "arm64"
      ],
      "license": "MIT",
      "optional": true,
      "os": [
        "win32"
      ],
      "engines": {
        "node": "^20.19.0 || >=22.12.0"
      }
    },
    "node_modules/@oxc-minify/binding-win32-ia32-msvc": {
      "version": "0.121.0",
      "resolved": "https://registry.npmjs.org/@oxc-minify/binding-win32-ia32-msvc/-/binding-win32-ia32-msvc-0.121.0.tgz",
      "integrity": "sha512-ZNcMq+yy9QBgekrBP/NxTD4RW1sZKHOWO+aH5SgqRvfU035Bldvns7zHC8VdaY4Sz3PcaChfmSeapfUoUGqT5w==",
      "cpu": [
        "ia32"
      ],
      "license": "MIT",
      "optional": true,
      "os": [
        "win32"
      ],
      "engines": {
        "node": "^20.19.0 || >=22.12.0"
      }
    },
    "node_modules/@oxc-minify/binding-win32-x64-msvc": {
      "version": "0.121.0",
      "resolved": "https://registry.npmjs.org/@oxc-minify/binding-win32-x64-msvc/-/binding-win32-x64-msvc-0.121.0.tgz",
      "integrity": "sha512-/0qRGvYnBVhzwSXHcJ6sF+2rb2QpotbJeAr1wmADgq/hm7JjdRukktngmwXQuIILmC+UELYLoVpa0PTBoEqwrg==",
      "cpu": [
        "x64"
      ],
      "license": "MIT",
      "optional": true,
      "os": [
        "win32"
      ],
      "engines": {
        "node": "^20.19.0 || >=22.12.0"
      }
    },
    "node_modules/@oxc-parser/binding-android-arm-eabi": {
      "version": "0.121.0",
      "resolved": "https://registry.npmjs.org/@oxc-parser/binding-android-arm-eabi/-/binding-android-arm-eabi-0.121.0.tgz",
      "integrity": "sha512-n07FQcySwOlzap424/PLMtOkbS7xOu8nsJduKL8P3COGHKgKoDYXwoAHCbChfgFpHnviehrLWIPX0lKGtbEk/A==",
      "cpu": [
        "arm"
      ],
      "license": "MIT",
      "optional": true,
      "os": [
        "android"
      ],
      "engines": {
        "node": "^20.19.0 || >=22.12.0"
      }
    },
    "node_modules/@oxc-parser/binding-android-arm64": {
      "version": "0.121.0",
      "resolved": "https://registry.npmjs.org/@oxc-parser/binding-android-arm64/-/binding-android-arm64-0.121.0.tgz",
      "integrity": "sha512-/Dd1xIXboYAicw+twT2utxPD7bL8qh7d3ej0qvaYIMj3/EgIrGR+tSnjCUkiCT6g6uTC0neSS4JY8LxhdSU/sA==",
      "cpu": [
        "arm64"
      ],
      "license": "MIT",
      "optional": true,
      "os": [
        "android"
      ],
      "engines": {
        "node": "^20.19.0 || >=22.12.0"
      }
    },
    "node_modules/@oxc-parser/binding-darwin-arm64": {
      "version": "0.121.0",
      "resolved": "https://registry.npmjs.org/@oxc-parser/binding-darwin-arm64/-/binding-darwin-arm64-0.121.0.tgz",
      "integrity": "sha512-A0jNEvv7QMtCO1yk205t3DWU9sWUjQ2KNF0hSVO5W9R9r/R1BIvzG01UQAfmtC0dQm7sCrs5puixurKSfr2bRQ==",
      "cpu": [
        "arm64"
      ],
      "license": "MIT",
      "optional": true,
      "os": [
        "darwin"
      ],
      "engines": {
        "node": "^20.19.0 || >=22.12.0"
      }
    },
    "node_modules/@oxc-parser/binding-darwin-x64": {
      "version": "0.121.0",
      "resolved": "https://registry.npmjs.org/@oxc-parser/binding-darwin-x64/-/binding-darwin-x64-0.121.0.tgz",
      "integrity": "sha512-SsHzipdxTKUs3I9EOAPmnIimEeJOemqRlRDOp9LIj+96wtxZejF51gNibmoGq8KoqbT1ssAI5po/E3J+vEtXGA==",
      "cpu": [
        "x64"
      ],
      "license": "MIT",
      "optional": true,
      "os": [
        "darwin"
      ],
      "engines": {
        "node": "^20.19.0 || >=22.12.0"
      }
    },
    "node_modules/@oxc-parser/binding-freebsd-x64": {
      "version": "0.121.0",
      "resolved": "https://registry.npmjs.org/@oxc-parser/binding-freebsd-x64/-/binding-freebsd-x64-0.121.0.tgz",
      "integrity": "sha512-v1APOTkCp+RWOIDAHRoaeW/UoaHF15a60E8eUL6kUQXh+i4K7PBwq2Wi7jm8p0ymID5/m/oC1w3W31Z/+r7HQw==",
      "cpu": [
        "x64"
      ],
      "license": "MIT",
      "optional": true,
      "os": [
        "freebsd"
      ],
      "engines": {
        "node": "^20.19.0 || >=22.12.0"
      }
    },
    "node_modules/@oxc-parser/binding-linux-arm-gnueabihf": {
      "version": "0.121.0",
      "resolved": "https://registry.npmjs.org/@oxc-parser/binding-linux-arm-gnueabihf/-/binding-linux-arm-gnueabihf-0.121.0.tgz",
      "integrity": "sha512-PmqPQuqHZyFVWA4ycr0eu4VnTMmq9laOHZd+8R359w6kzuNZPvmmunmNJ8ybkm769A0nCoVp3TJ6dUz7B3FYIQ==",
      "cpu": [
        "arm"
      ],
      "license": "MIT",
      "optional": true,
      "os": [
        "linux"
      ],
      "engines": {
        "node": "^20.19.0 || >=22.12.0"
      }
    },
    "node_modules/@oxc-parser/binding-linux-arm-musleabihf": {
      "version": "0.121.0",
      "resolved": "https://registry.npmjs.org/@oxc-parser/binding-linux-arm-musleabihf/-/binding-linux-arm-musleabihf-0.121.0.tgz",
      "integrity": "sha512-vF24htj+MOH+Q7y9A8NuC6pUZu8t/C2Fr/kDOi2OcNf28oogr2xadBPXAbml802E8wRAVfbta6YLDQTearz+jw==",
      "cpu": [
        "arm"
      ],
      "license": "MIT",
      "optional": true,
      "os": [
        "linux"
      ],
      "engines": {
        "node": "^20.19.0 || >=22.12.0"
      }
    },
    "node_modules/@oxc-parser/binding-linux-arm64-gnu": {
      "version": "0.121.0",
      "resolved": "https://registry.npmjs.org/@oxc-parser/binding-linux-arm64-gnu/-/binding-linux-arm64-gnu-0.121.0.tgz",
      "integrity": "sha512-wjH8cIG2Lu/3d64iZpbYr73hREMgKAfu7fqpXjgM2S16y2zhTfDIp8EQjxO8vlDtKP5Rc7waZW72lh8nZtWrpA==",
      "cpu": [
        "arm64"
      ],
      "license": "MIT",
      "optional": true,
      "os": [
        "linux"
      ],
      "engines": {
        "node": "^20.19.0 || >=22.12.0"
      }
    },
    "node_modules/@oxc-parser/binding-linux-arm64-musl": {
      "version": "0.121.0",
      "resolved": "https://registry.npmjs.org/@oxc-parser/binding-linux-arm64-musl/-/binding-linux-arm64-musl-0.121.0.tgz",
      "integrity": "sha512-qT663J/W8yQFw3dtscbEi9LKJevr20V7uWs2MPGTnvNZ3rm8anhhE16gXGpxDOHeg9raySaSHKhd4IGa3YZvuw==",
      "cpu": [
        "arm64"
      ],
      "license": "MIT",
      "optional": true,
      "os": [
        "linux"
      ],
      "engines": {
        "node": "^20.19.0 || >=22.12.0"
      }
    },
    "node_modules/@oxc-parser/binding-linux-ppc64-gnu": {
      "version": "0.121.0",
      "resolved": "https://registry.npmjs.org/@oxc-parser/binding-linux-ppc64-gnu/-/binding-linux-ppc64-gnu-0.121.0.tgz",
      "integrity": "sha512-mYNe4NhVvDBbPkAP8JaVS8lC1dsoJZWH5WCjpw5E+sjhk1R08wt3NnXYUzum7tIiWPfgQxbCMcoxgeemFASbRw==",
      "cpu": [
        "ppc64"
      ],
      "license": "MIT",
      "optional": true,
      "os": [
        "linux"
      ],
      "engines": {
        "node": "^20.19.0 || >=22.12.0"
      }
    },
    "node_modules/@oxc-parser/binding-linux-riscv64-gnu": {
      "version": "0.121.0",
      "resolved": "https://registry.npmjs.org/@oxc-parser/binding-linux-riscv64-gnu/-/binding-linux-riscv64-gnu-0.121.0.tgz",
      "integrity": "sha512-+QiFoGxhAbaI/amqX567784cDyyuZIpinBrJNxUzb+/L2aBRX67mN6Jv40pqduHf15yYByI+K5gUEygCuv0z9w==",
      "cpu": [
        "riscv64"
      ],
      "license": "MIT",
      "optional": true,
      "os": [
        "linux"
      ],
      "engines": {
        "node": "^20.19.0 || >=22.12.0"
      }
    },
    "node_modules/@oxc-parser/binding-linux-riscv64-musl": {
      "version": "0.121.0",
      "resolved": "https://registry.npmjs.org/@oxc-parser/binding-linux-riscv64-musl/-/binding-linux-riscv64-musl-0.121.0.tgz",
      "integrity": "sha512-9ykEgyTa5JD/Uhv2sttbKnCfl2PieUfOjyxJC/oDL2UO0qtXOtjPLl7H8Kaj5G7p3hIvFgu3YWvAxvE0sqY+hQ==",
      "cpu": [
        "riscv64"
      ],
      "license": "MIT",
      "optional": true,
      "os": [
        "linux"
      ],
      "engines": {
        "node": "^20.19.0 || >=22.12.0"
      }
    },
    "node_modules/@oxc-parser/binding-linux-s390x-gnu": {
      "version": "0.121.0",
      "resolved": "https://registry.npmjs.org/@oxc-parser/binding-linux-s390x-gnu/-/binding-linux-s390x-gnu-0.121.0.tgz",
      "integrity": "sha512-DB1EW5VHZdc1lIRjOI3bW/wV6R6y0xlfvdVrqj6kKi7Ayu2U3UqUBdq9KviVkcUGd5Oq+dROqvUEEFRXGAM7EQ==",
      "cpu": [
        "s390x"
      ],
      "license": "MIT",
      "optional": true,
      "os": [
        "linux"
      ],
      "engines": {
        "node": "^20.19.0 || >=22.12.0"
      }
    },
    "node_modules/@oxc-parser/binding-linux-x64-gnu": {
      "version": "0.121.0",
      "resolved": "https://registry.npmjs.org/@oxc-parser/binding-linux-x64-gnu/-/binding-linux-x64-gnu-0.121.0.tgz",
      "integrity": "sha512-s4lfobX9p4kPTclvMiH3gcQUd88VlnkMTF6n2MTMDAyX5FPNRhhRSFZK05Ykhf8Zy5NibV4PbGR6DnK7FGNN6A==",
      "cpu": [
        "x64"
      ],
      "license": "MIT",
      "optional": true,
      "os": [
        "linux"
      ],
      "engines": {
        "node": "^20.19.0 || >=22.12.0"
      }
    },
    "node_modules/@oxc-parser/binding-linux-x64-musl": {
      "version": "0.121.0",
      "resolved": "https://registry.npmjs.org/@oxc-parser/binding-linux-x64-musl/-/binding-linux-x64-musl-0.121.0.tgz",
      "integrity": "sha512-P9KlyTpuBuMi3NRGpJO8MicuGZfOoqZVRP1WjOecwx8yk4L/+mrCRNc5egSi0byhuReblBF2oVoDSMgV9Bj4Hw==",
      "cpu": [
        "x64"
      ],
      "license": "MIT",
      "optional": true,
      "os": [
        "linux"
      ],
      "engines": {
        "node": "^20.19.0 || >=22.12.0"
      }
    },
    "node_modules/@oxc-parser/binding-openharmony-arm64": {
      "version": "0.121.0",
      "resolved": "https://registry.npmjs.org/@oxc-parser/binding-openharmony-arm64/-/binding-openharmony-arm64-0.121.0.tgz",
      "integrity": "sha512-R+4jrWOfF2OAPPhj3Eb3U5CaKNAH9/btMveMULIrcNW/hjfysFQlF8wE0GaVBr81dWz8JLgQlsxwctoL78JwXw==",
      "cpu": [
        "arm64"
      ],
      "license": "MIT",
      "optional": true,
      "os": [
        "openharmony"
      ],
      "engines": {
        "node": "^20.19.0 || >=22.12.0"
      }
    },
    "node_modules/@oxc-parser/binding-wasm32-wasi": {
      "version": "0.121.0",
      "resolved": "https://registry.npmjs.org/@oxc-parser/binding-wasm32-wasi/-/binding-wasm32-wasi-0.121.0.tgz",
      "integrity": "sha512-5TFISkPTymKvsmIlKasPVTPuWxzCcrT8pM+p77+mtQbIZDd1UC8zww4CJcRI46kolmgrEX6QpKO8AvWMVZ+ifw==",
      "cpu": [
        "wasm32"
      ],
      "license": "MIT",
      "optional": true,
      "dependencies": {
        "@napi-rs/wasm-runtime": "^1.1.1"
      },
      "engines": {
        "node": ">=14.0.0"
      }
    },
    "node_modules/@oxc-parser/binding-win32-arm64-msvc": {
      "version": "0.121.0",
      "resolved": "https://registry.npmjs.org/@oxc-parser/binding-win32-arm64-msvc/-/binding-win32-arm64-msvc-0.121.0.tgz",
      "integrity": "sha512-V0pxh4mql4XTt3aiEtRNUeBAUFOw5jzZNxPABLaOKAWrVzSr9+XUaB095lY7jqMf5t8vkfh8NManGB28zanYKw==",
      "cpu": [
        "arm64"
      ],
      "license": "MIT",
      "optional": true,
      "os": [
        "win32"
      ],
      "engines": {
        "node": "^20.19.0 || >=22.12.0"
      }
    },
    "node_modules/@oxc-parser/binding-win32-ia32-msvc": {
      "version": "0.121.0",
      "resolved": "https://registry.npmjs.org/@oxc-parser/binding-win32-ia32-msvc/-/binding-win32-ia32-msvc-0.121.0.tgz",
      "integrity": "sha512-4Ob1qvYMPnlF2N9rdmKdkQFdrq16QVcQwBsO8yiPZXof0fHKFF+LmQV501XFbi7lHyrKm8rlJRfQ/M8bZZPVLw==",
      "cpu": [
        "ia32"
      ],
      "license": "MIT",
      "optional": true,
      "os": [
        "win32"
      ],
      "engines": {
        "node": "^20.19.0 || >=22.12.0"
      }
    },
    "node_modules/@oxc-parser/binding-win32-x64-msvc": {
      "version": "0.121.0",
      "resolved": "https://registry.npmjs.org/@oxc-parser/binding-win32-x64-msvc/-/binding-win32-x64-msvc-0.121.0.tgz",
      "integrity": "sha512-BOp1KCzdboB1tPqoCPXgntgFs0jjeSyOXHzgxVFR7B/qfr3F8r4YDacHkTOUNXtDgM8YwKnkf3rE5gwALYX7NA==",
      "cpu": [
        "x64"
      ],
      "license": "MIT",
      "optional": true,
      "os": [
        "win32"
      ],
      "engines": {
        "node": "^20.19.0 || >=22.12.0"
      }
    },
    "node_modules/@oxc-project/types": {
      "version": "0.121.0",
      "resolved": "https://registry.npmjs.org/@oxc-project/types/-/types-0.121.0.tgz",
      "integrity": "sha512-CGtOARQb9tyv7ECgdAlFxi0Fv7lmzvmlm2rpD/RdijOO9rfk/JvB1CjT8EnoD+tjna/IYgKKw3IV7objRb+aYw==",
      "license": "MIT",
      "funding": {
        "url": "https://github.com/sponsors/Boshen"
      }
    },
    "node_modules/@tybys/wasm-util": {
      "version": "0.10.1",
      "resolved": "https://registry.npmjs.org/@tybys/wasm-util/-/wasm-util-0.10.1.tgz",
      "integrity": "sha512-9tTaPJLSiejZKx+Bmog4uSubteqTvFrVrURwkmHixBo0G4seD0zUxp98E1DzUBJxLQ3NPwXrGKDiVjwx/DpPsg==",
      "license": "MIT",
      "optional": true,
      "dependencies": {
        "tslib": "^2.4.0"
      }
    },
    "node_modules/create-export": {
      "resolved": "packages/create-export",
      "link": true
    },
    "node_modules/devalue": {
      "version": "5.6.4",
      "resolved": "https://registry.npmjs.org/devalue/-/devalue-5.6.4.tgz",
      "integrity": "sha512-Gp6rDldRsFh/7XuouDbxMH3Mx8GMCcgzIb1pDTvNyn8pZGQ22u+Wa+lGV9dQCltFQ7uVw0MhRyb8XDskNFOReA==",
      "license": "MIT"
    },
    "node_modules/export-runtime": {
      "resolved": "packages/export-runtime",
      "link": true
    },
    "node_modules/mri": {
      "version": "1.2.0",
      "resolved": "https://registry.npmjs.org/mri/-/mri-1.2.0.tgz",
      "integrity": "sha512-tzzskb3bG8LvYGFF/mDTpq3jpI6Q9wc3LEmBaghu+DdCssd1FakN7Bc0hVNmEyGq1bq3RgfkCb3cmQLpNPOroA==",
      "license": "MIT",
      "engines": {
        "node": ">=4"
      }
    },
    "node_modules/oxc-minify": {
      "version": "0.121.0",
      "resolved": "https://registry.npmjs.org/oxc-minify/-/oxc-minify-0.121.0.tgz",
      "integrity": "sha512-XziD0au8etayM2zJnqcSiW+Pn3hEpqHsbwfL7G4Ej0SwqfvbIjiEF1/uNqONuHl0n9LkLI1ez378vSWZRJZWAQ==",
      "license": "MIT",
      "engines": {
        "node": "^20.19.0 || >=22.12.0"
      },
      "funding": {
        "url": "https://github.com/sponsors/Boshen"
      },
      "optionalDependencies": {
        "@oxc-minify/binding-android-arm-eabi": "0.121.0",
        "@oxc-minify/binding-android-arm64": "0.121.0",
        "@oxc-minify/binding-darwin-arm64": "0.121.0",
        "@oxc-minify/binding-darwin-x64": "0.121.0",
        "@oxc-minify/binding-freebsd-x64": "0.121.0",
        "@oxc-minify/binding-linux-arm-gnueabihf": "0.121.0",
        "@oxc-minify/binding-linux-arm-musleabihf": "0.121.0",
        "@oxc-minify/binding-linux-arm64-gnu": "0.121.0",
        "@oxc-minify/binding-linux-arm64-musl": "0.121.0",
        "@oxc-minify/binding-linux-ppc64-gnu": "0.121.0",
        "@oxc-minify/binding-linux-riscv64-gnu": "0.121.0",
        "@oxc-minify/binding-linux-riscv64-musl": "0.121.0",
        "@oxc-minify/binding-linux-s390x-gnu": "0.121.0",
        "@oxc-minify/binding-linux-x64-gnu": "0.121.0",
        "@oxc-minify/binding-linux-x64-musl": "0.121.0",
        "@oxc-minify/binding-openharmony-arm64": "0.121.0",
        "@oxc-minify/binding-wasm32-wasi": "0.121.0",
        "@oxc-minify/binding-win32-arm64-msvc": "0.121.0",
        "@oxc-minify/binding-win32-ia32-msvc": "0.121.0",
        "@oxc-minify/binding-win32-x64-msvc": "0.121.0"
      }
    },
    "node_modules/oxc-parser": {
      "version": "0.121.0",
      "resolved": "https://registry.npmjs.org/oxc-parser/-/oxc-parser-0.121.0.tgz",
      "integrity": "sha512-ek9o58+SCv6AV7nchiAcUJy1DNE2CC5WRdBcO0mF+W4oRjNQfPO7b3pLjTHSFECpHkKGOZSQxx3hk8viIL5YCg==",
      "license": "MIT",
      "dependencies": {
        "@oxc-project/types": "^0.121.0"
      },
      "engines": {
        "node": "^20.19.0 || >=22.12.0"
      },
      "funding": {
        "url": "https://github.com/sponsors/Boshen"
      },
      "optionalDependencies": {
        "@oxc-parser/binding-android-arm-eabi": "0.121.0",
        "@oxc-parser/binding-android-arm64": "0.121.0",
        "@oxc-parser/binding-darwin-arm64": "0.121.0",
        "@oxc-parser/binding-darwin-x64": "0.121.0",
        "@oxc-parser/binding-freebsd-x64": "0.121.0",
        "@oxc-parser/binding-linux-arm-gnueabihf": "0.121.0",
        "@oxc-parser/binding-linux-arm-musleabihf": "0.121.0",
        "@oxc-parser/binding-linux-arm64-gnu": "0.121.0",
        "@oxc-parser/binding-linux-arm64-musl": "0.121.0",
        "@oxc-parser/binding-linux-ppc64-gnu": "0.121.0",
        "@oxc-parser/binding-linux-riscv64-gnu": "0.121.0",
        "@oxc-parser/binding-linux-riscv64-musl": "0.121.0",
        "@oxc-parser/binding-linux-s390x-gnu": "0.121.0",
        "@oxc-parser/binding-linux-x64-gnu": "0.121.0",
        "@oxc-parser/binding-linux-x64-musl": "0.121.0",
        "@oxc-parser/binding-openharmony-arm64": "0.121.0",
        "@oxc-parser/binding-wasm32-wasi": "0.121.0",
        "@oxc-parser/binding-win32-arm64-msvc": "0.121.0",
        "@oxc-parser/binding-win32-ia32-msvc": "0.121.0",
        "@oxc-parser/binding-win32-x64-msvc": "0.121.0"
      }
    },
    "node_modules/picocolors": {
      "version": "1.1.1",
      "resolved": "https://registry.npmjs.org/picocolors/-/picocolors-1.1.1.tgz",
      "integrity": "sha512-xceH2snhtb5M9liqDsmEw56le376mTZkEX/jEb/RxNFyegNul7eNslCXP9FDj/Lcu0X8KEyMceP2ntpaHrDEVA==",
      "license": "ISC"
    },
    "node_modules/sisteransi": {
      "version": "1.0.5",
      "resolved": "https://registry.npmjs.org/sisteransi/-/sisteransi-1.0.5.tgz",
      "integrity": "sha512-bLGGlR1QxBcynn2d5YmDX4MGjlZvy2MRBDRNHLJ8VI6l6+9FUiyTFNJ0IveOSP0bcXgVDPRcfGqA0pjaqUpfVg==",
      "license": "MIT"
    },
    "node_modules/tslib": {
      "version": "2.8.1",
      "resolved": "https://registry.npmjs.org/tslib/-/tslib-2.8.1.tgz",
      "integrity": "sha512-oJFu94HQb+KVduSUQL7wnpmqnfmLsOA/nAh6b6EH0wCEoK0/mPeXU6c3wKDV83MkOuHPRHtSXKKU99IBazS/2w==",
      "license": "0BSD",
      "optional": true
    },
    "node_modules/ws": {
      "version": "8.20.0",
      "resolved": "https://registry.npmjs.org/ws/-/ws-8.20.0.tgz",
      "integrity": "sha512-sAt8BhgNbzCtgGbt2OxmpuryO63ZoDk/sqaB/znQm94T4fCEsy/yV+7CdC1kJhOU9lboAEU7R3kquuycDoibVA==",
      "dev": true,
      "license": "MIT",
      "engines": {
        "node": ">=10.0.0"
      },
      "peerDependencies": {
        "bufferutil": "^4.0.1",
        "utf-8-validate": ">=5.0.2"
      },
      "peerDependenciesMeta": {
        "bufferutil": {
          "optional": true
        },
        "utf-8-validate": {
          "optional": true
        }
      }
    },
    "packages/create-export": {
      "version": "0.0.10",
      "license": "MIT",
      "dependencies": {
        "@clack/prompts": "^0.8.2",
        "mri": "^1.2.0"
      },
      "bin": {
        "create-export": "index.js"
      }
    },
    "packages/export-runtime": {
      "version": "0.0.9",
      "license": "MIT",
      "dependencies": {
        "devalue": "^5.1.1",
        "oxc-minify": "^0.121.0",
        "oxc-parser": "^0.121.0"
      },
      "bin": {
        "generate-export-types": "bin/generate-types.mjs"
      }
    }
  }
}
